
Microsoft Visual Studio Solution File, Format Version 12.00
# Visual Studio Version 17
VisualStudioVersion = 17.14.36121.58
MinimumVisualStudioVersion = 10.0.40219.1
Project("{8BC9CEB8-8B4A-11D0-8D11-00A0C91BC942}") = "MemoryExercise", "MemoryExercise\MemoryExercise.vcxproj", "{ABF286B9-E09C-4816-91B4-BD83AEEA298A}"
EndProject
Project("{8BC9CEB8-8B4A-11D0-8D11-00A0C91BC942}") = "MemoryRead", "MemoryRead\MemoryRead.vcxproj", "{2BC2AD21-F5EA-4540-A312-543C03E5E38F}"
EndProject
Project("{8BC9CEB8-8B4A-11D0-8D11-00A0C91BC942}") = "GameHackingPractice", "GameHackingPractice\GameHackingPractice.vcxproj", "{26E717B4-8290-48B0-A545-F7748C80A5C7}"
EndProject
Global
	GlobalSection(SolutionConfigurationPlatforms) = preSolution
		Debug|ARM = Debug|ARM
		Debug|Win32 = Debug|Win32
		Debug|x64 = Debug|x64
		Debug|x86 = Debug|x86
		Release|ARM = Release|ARM
		Release|Win32 = Release|Win32
		Release|x64 = Release|x64
		Release|x86 = Release|x86
	EndGlobalSection
	GlobalSection(ProjectConfigurationPlatforms) = postSolution
		{ABF286B9-E09C-4816-91B4-BD83AEEA298A}.Debug|ARM.ActiveCfg = Debug|x64
		{ABF286B9-E09C-4816-91B4-BD83AEEA298A}.Debug|ARM.Build.0 = Debug|x64
		{ABF286B9-E09C-4816-91B4-BD83AEEA298A}.Debug|Win32.ActiveCfg = Debug|Win32
		{ABF286B9-E09C-4816-91B4-BD83AEEA298A}.Debug|Win32.Build.0 = Debug|Win32
		{ABF286B9-E09C-4816-91B4-BD83AEEA298A}.Debug|x64.ActiveCfg = Debug|x64
		{ABF286B9-E09C-4816-91B4-BD83AEEA298A}.Debug|x64.Build.0 = Debug|x64
		{ABF286B9-E09C-4816-91B4-BD83AEEA298A}.Debug|x86.ActiveCfg = Debug|Win32
		{ABF286B9-E09C-4816-91B4-BD83AEEA298A}.Debug|x86.Build.0 = Debug|Win32
		{ABF286B9-E09C-4816-91B4-BD83AEEA298A}.Release|ARM.ActiveCfg = Release|x64
		{ABF286B9-E09C-4816-91B4-BD83AEEA298A}.Release|ARM.Build.0 = Release|x64
		{ABF286B9-E09C-4816-91B4-BD83AEEA298A}.Release|Win32.ActiveCfg = Release|Win32
		{ABF286B9-E09C-4816-91B4-BD83AEEA298A}.Release|Win32.Build.0 = Release|Win32
		{ABF286B9-E09C-4816-91B4-BD83AEEA298A}.Release|x64.ActiveCfg = Release|x64
		{ABF286B9-E09C-4816-91B4-BD83AEEA298A}.Release|x64.Build.0 = Release|x64
		{ABF286B9-E09C-4816-91B4-BD83AEEA298A}.Release|x86.ActiveCfg = Release|Win32
		{ABF286B9-E09C-4816-91B4-BD83AEEA298A}.Release|x86.Build.0 = Release|Win32
		{2BC2AD21-F5EA-4540-A312-543C03E5E38F}.Debug|ARM.ActiveCfg = Debug|x64
		{2BC2AD21-F5EA-4540-A312-543C03E5E38F}.Debug|ARM.Build.0 = Debug|x64
		{2BC2AD21-F5EA-4540-A312-543C03E5E38F}.Debug|Win32.ActiveCfg = Debug|Win32
		{2BC2AD21-F5EA-4540-A312-543C03E5E38F}.Debug|Win32.Build.0 = Debug|Win32
		{2BC2AD21-F5EA-4540-A312-543C03E5E38F}.Debug|x64.ActiveCfg = Debug|x64
		{2BC2AD21-F5EA-4540-A312-543C03E5E38F}.Debug|x64.Build.0 = Debug|x64
		{2BC2AD21-F5EA-4540-A312-543C03E5E38F}.Debug|x86.ActiveCfg = Debug|Win32
		{2BC2AD21-F5EA-4540-A312-543C03E5E38F}.Debug|x86.Build.0 = Debug|Win32
		{2BC2AD21-F5EA-4540-A312-543C03E5E38F}.Release|ARM.ActiveCfg = Release|x64
		{2BC2AD21-F5EA-4540-A312-543C03E5E38F}.Release|ARM.Build.0 = Release|x64
		{2BC2AD21-F5EA-4540-A312-543C03E5E38F}.Release|Win32.ActiveCfg = Release|Win32
		{2BC2AD21-F5EA-4540-A312-543C03E5E38F}.Release|Win32.Build.0 = Release|Win32
		{2BC2AD21-F5EA-4540-A312-543C03E5E38F}.Release|x64.ActiveCfg = Release|x64
		{2BC2AD21-F5EA-4540-A312-543C03E5E38F}.Release|x64.Build.0 = Release|x64
		{2BC2AD21-F5EA-4540-A312-543C03E5E38F}.Release|x86.ActiveCfg = Release|Win32
		{2BC2AD21-F5EA-4540-A312-543C03E5E38F}.Release|x86.Build.0 = Release|Win32
		{26E717B4-8290-48B0-A545-F7748C80A5C7}.Debug|ARM.ActiveCfg = Debug|Win32
		{26E717B4-8290-48B0-A545-F7748C80A5C7}.Debug|ARM.Build.0 = Debug|Win32
		{26E717B4-8290-48B0-A545-F7748C80A5C7}.Debug|Win32.ActiveCfg = Debug|Win32
		{26E717B4-8290-48B0-A545-F7748C80A5C7}.Debug|Win32.Build.0 = Debug|Win32
		{26E717B4-8290-48B0-A545-F7748C80A5C7}.Debug|x64.ActiveCfg = Debug|x64
		{26E717B4-8290-48B0-A545-F7748C80A5C7}.Debug|x64.Build.0 = Debug|x64
		{26E717B4-8290-48B0-A545-F7748C80A5C7}.Debug|x86.ActiveCfg = Debug|x64
		{26E717B4-8290-48B0-A545-F7748C80A5C7}.Debug|x86.Build.0 = Debug|x64
		{26E717B4-8290-48B0-A545-F7748C80A5C7}.Release|ARM.ActiveCfg = Release|x64
		{26E717B4-8290-48B0-A545-F7748C80A5C7}.Release|Win32.ActiveCfg = Release|Win32
		{26E717B4-8290-48B0-A545-F7748C80A5C7}.Release|Win32.Build.0 = Release|Win32
		{26E717B4-8290-48B0-A545-F7748C80A5C7}.Release|x64.ActiveCfg = Release|x64
		{26E717B4-8290-48B0-A545-F7748C80A5C7}.Release|x64.Build.0 = Release|x64
		{26E717B4-8290-48B0-A545-F7748C80A5C7}.Release|x86.ActiveCfg = Release|Win32
		{26E717B4-8290-48B0-A545-F7748C80A5C7}.Release|x86.Build.0 = Release|Win32
	EndGlobalSection
	GlobalSection(SolutionProperties) = preSolution
		HideSolutionNode = FALSE
	EndGlobalSection
	GlobalSection(ExtensibilityGlobals) = postSolution
		SolutionGuid = {E0308747-01B7-4502-B359-6D8814D81F0A}
	EndGlobalSection
EndGlobal
