
Microsoft Visual Studio Solution File, Format Version 12.00
# Visual Studio Version 17
VisualStudioVersion = 17.14.36121.58
MinimumVisualStudioVersion = 10.0.40219.1
Project("{8BC9CEB8-8B4A-11D0-8D11-00A0C91BC942}") = "GameHackingPractice", "GameHackingPractice\GameHackingPractice.vcxproj", "{26E717B4-8290-48B0-A545-F7748C80A5C7}"
EndProject
Project("{8BC9CEB8-8B4A-11D0-8D11-00A0C91BC942}") = "SimpleProgram", "SimpleProgram\SimpleProgram.vcxproj", "{24994602-5021-4D80-A6C6-A1959FE61733}"
EndProject
Project("{8BC9CEB8-8B4A-11D0-8D11-00A0C91BC942}") = "SimpleProgramInjection", "SimpleProgramInjection\SimpleProgramInjection.vcxproj", "{54D1EABC-9E87-4A08-91DA-BACFAC246965}"
EndProject
Global
	GlobalSection(SolutionConfigurationPlatforms) = preSolution
		Debug|ARM = Debug|ARM
		Debug|Win32 = Debug|Win32
		Debug|x64 = Debug|x64
		Debug|x86 = Debug|x86
		Release|ARM = Release|ARM
		Release|Win32 = Release|Win32
		Release|x64 = Release|x64
		Release|x86 = Release|x86
	EndGlobalSection
	GlobalSection(ProjectConfigurationPlatforms) = postSolution
		{26E717B4-8290-48B0-A545-F7748C80A5C7}.Debug|ARM.ActiveCfg = Debug|Win32
		{26E717B4-8290-48B0-A545-F7748C80A5C7}.Debug|ARM.Build.0 = Debug|Win32
		{26E717B4-8290-48B0-A545-F7748C80A5C7}.Debug|Win32.ActiveCfg = Debug|Win32
		{26E717B4-8290-48B0-A545-F7748C80A5C7}.Debug|Win32.Build.0 = Debug|Win32
		{26E717B4-8290-48B0-A545-F7748C80A5C7}.Debug|x64.ActiveCfg = Debug|x64
		{26E717B4-8290-48B0-A545-F7748C80A5C7}.Debug|x64.Build.0 = Debug|x64
		{26E717B4-8290-48B0-A545-F7748C80A5C7}.Debug|x86.ActiveCfg = Debug|x64
		{26E717B4-8290-48B0-A545-F7748C80A5C7}.Debug|x86.Build.0 = Debug|x64
		{26E717B4-8290-48B0-A545-F7748C80A5C7}.Release|ARM.ActiveCfg = Release|x64
		{26E717B4-8290-48B0-A545-F7748C80A5C7}.Release|Win32.ActiveCfg = Release|Win32
		{26E717B4-8290-48B0-A545-F7748C80A5C7}.Release|Win32.Build.0 = Release|Win32
		{26E717B4-8290-48B0-A545-F7748C80A5C7}.Release|x64.ActiveCfg = Release|x64
		{26E717B4-8290-48B0-A545-F7748C80A5C7}.Release|x64.Build.0 = Release|x64
		{26E717B4-8290-48B0-A545-F7748C80A5C7}.Release|x86.ActiveCfg = Release|Win32
		{26E717B4-8290-48B0-A545-F7748C80A5C7}.Release|x86.Build.0 = Release|Win32
		{24994602-5021-4D80-A6C6-A1959FE61733}.Debug|ARM.ActiveCfg = Debug|x64
		{24994602-5021-4D80-A6C6-A1959FE61733}.Debug|ARM.Build.0 = Debug|x64
		{24994602-5021-4D80-A6C6-A1959FE61733}.Debug|Win32.ActiveCfg = Debug|Win32
		{24994602-5021-4D80-A6C6-A1959FE61733}.Debug|Win32.Build.0 = Debug|Win32
		{24994602-5021-4D80-A6C6-A1959FE61733}.Debug|x64.ActiveCfg = Debug|x64
		{24994602-5021-4D80-A6C6-A1959FE61733}.Debug|x64.Build.0 = Debug|x64
		{24994602-5021-4D80-A6C6-A1959FE61733}.Debug|x86.ActiveCfg = Debug|Win32
		{24994602-5021-4D80-A6C6-A1959FE61733}.Debug|x86.Build.0 = Debug|Win32
		{24994602-5021-4D80-A6C6-A1959FE61733}.Release|ARM.ActiveCfg = Release|x64
		{24994602-5021-4D80-A6C6-A1959FE61733}.Release|ARM.Build.0 = Release|x64
		{24994602-5021-4D80-A6C6-A1959FE61733}.Release|Win32.ActiveCfg = Release|Win32
		{24994602-5021-4D80-A6C6-A1959FE61733}.Release|Win32.Build.0 = Release|Win32
		{24994602-5021-4D80-A6C6-A1959FE61733}.Release|x64.ActiveCfg = Release|x64
		{24994602-5021-4D80-A6C6-A1959FE61733}.Release|x64.Build.0 = Release|x64
		{24994602-5021-4D80-A6C6-A1959FE61733}.Release|x86.ActiveCfg = Release|Win32
		{24994602-5021-4D80-A6C6-A1959FE61733}.Release|x86.Build.0 = Release|Win32
		{54D1EABC-9E87-4A08-91DA-BACFAC246965}.Debug|ARM.ActiveCfg = Debug|x64
		{54D1EABC-9E87-4A08-91DA-BACFAC246965}.Debug|ARM.Build.0 = Debug|x64
		{54D1EABC-9E87-4A08-91DA-BACFAC246965}.Debug|Win32.ActiveCfg = Debug|Win32
		{54D1EABC-9E87-4A08-91DA-BACFAC246965}.Debug|Win32.Build.0 = Debug|Win32
		{54D1EABC-9E87-4A08-91DA-BACFAC246965}.Debug|x64.ActiveCfg = Debug|x64
		{54D1EABC-9E87-4A08-91DA-BACFAC246965}.Debug|x64.Build.0 = Debug|x64
		{54D1EABC-9E87-4A08-91DA-BACFAC246965}.Debug|x86.ActiveCfg = Debug|Win32
		{54D1EABC-9E87-4A08-91DA-BACFAC246965}.Debug|x86.Build.0 = Debug|Win32
		{54D1EABC-9E87-4A08-91DA-BACFAC246965}.Release|ARM.ActiveCfg = Release|x64
		{54D1EABC-9E87-4A08-91DA-BACFAC246965}.Release|ARM.Build.0 = Release|x64
		{54D1EABC-9E87-4A08-91DA-BACFAC246965}.Release|Win32.ActiveCfg = Release|Win32
		{54D1EABC-9E87-4A08-91DA-BACFAC246965}.Release|Win32.Build.0 = Release|Win32
		{54D1EABC-9E87-4A08-91DA-BACFAC246965}.Release|x64.ActiveCfg = Release|x64
		{54D1EABC-9E87-4A08-91DA-BACFAC246965}.Release|x64.Build.0 = Release|x64
		{54D1EABC-9E87-4A08-91DA-BACFAC246965}.Release|x86.ActiveCfg = Release|Win32
		{54D1EABC-9E87-4A08-91DA-BACFAC246965}.Release|x86.Build.0 = Release|Win32
	EndGlobalSection
	GlobalSection(SolutionProperties) = preSolution
		HideSolutionNode = FALSE
	EndGlobalSection
	GlobalSection(ExtensibilityGlobals) = postSolution
		SolutionGuid = {E0308747-01B7-4502-B359-6D8814D81F0A}
	EndGlobalSection
EndGlobal
